
Microsoft Visual Studio Solution File, Format Version 12.00
# Visual Studio Version 16
VisualStudioVersion = 16.0.32126.315
MinimumVisualStudioVersion = 10.0.40219.1
Project("{9A19103F-16F7-4668-BE54-9A1E7A4F7556}") = "CoreBlogProject", "CoreBlogProject\CoreBlogProject.csproj", "{FEF407B4-E8C1-4A6D-9ADB-3873ECEA4DF2}"
EndProject
Project("{9A19103F-16F7-4668-BE54-9A1E7A4F7556}") = "EntityLayer", "EntityLayer\EntityLayer.csproj", "{D8C7982D-0498-434B-B0D0-79798B40E55F}"
EndProject
Project("{9A19103F-16F7-4668-BE54-9A1E7A4F7556}") = "BusinessLayer", "BusinessLayer\BusinessLayer.csproj", "{46D37D09-856E-488A-AC79-71252EE4075D}"
EndProject
Project("{9A19103F-16F7-4668-BE54-9A1E7A4F7556}") = "DataAccessLayer", "DataAccessLayer\DataAccessLayer.csproj", "{89C7A3DD-C874-4D74-AF7D-791C94521B5F}"
EndProject
Global
	GlobalSection(SolutionConfigurationPlatforms) = preSolution
		Debug|Any CPU = Debug|Any CPU
		Release|Any CPU = Release|Any CPU
	EndGlobalSection
	GlobalSection(ProjectConfigurationPlatforms) = postSolution
		{FEF407B4-E8C1-4A6D-9ADB-3873ECEA4DF2}.Debug|Any CPU.ActiveCfg = Debug|Any CPU
		{FEF407B4-E8C1-4A6D-9ADB-3873ECEA4DF2}.Debug|Any CPU.Build.0 = Debug|Any CPU
		{FEF407B4-E8C1-4A6D-9ADB-3873ECEA4DF2}.Release|Any CPU.ActiveCfg = Release|Any CPU
		{FEF407B4-E8C1-4A6D-9ADB-3873ECEA4DF2}.Release|Any CPU.Build.0 = Release|Any CPU
		{D8C7982D-0498-434B-B0D0-79798B40E55F}.Debug|Any CPU.ActiveCfg = Debug|Any CPU
		{D8C7982D-0498-434B-B0D0-79798B40E55F}.Debug|Any CPU.Build.0 = Debug|Any CPU
		{D8C7982D-0498-434B-B0D0-79798B40E55F}.Release|Any CPU.ActiveCfg = Release|Any CPU
		{D8C7982D-0498-434B-B0D0-79798B40E55F}.Release|Any CPU.Build.0 = Release|Any CPU
		{46D37D09-856E-488A-AC79-71252EE4075D}.Debug|Any CPU.ActiveCfg = Debug|Any CPU
		{46D37D09-856E-488A-AC79-71252EE4075D}.Debug|Any CPU.Build.0 = Debug|Any CPU
		{46D37D09-856E-488A-AC79-71252EE4075D}.Release|Any CPU.ActiveCfg = Release|Any CPU
		{46D37D09-856E-488A-AC79-71252EE4075D}.Release|Any CPU.Build.0 = Release|Any CPU
		{89C7A3DD-C874-4D74-AF7D-791C94521B5F}.Debug|Any CPU.ActiveCfg = Debug|Any CPU
		{89C7A3DD-C874-4D74-AF7D-791C94521B5F}.Debug|Any CPU.Build.0 = Debug|Any CPU
		{89C7A3DD-C874-4D74-AF7D-791C94521B5F}.Release|Any CPU.ActiveCfg = Release|Any CPU
		{89C7A3DD-C874-4D74-AF7D-791C94521B5F}.Release|Any CPU.Build.0 = Release|Any CPU
	EndGlobalSection
	GlobalSection(SolutionProperties) = preSolution
		HideSolutionNode = FALSE
	EndGlobalSection
	GlobalSection(ExtensibilityGlobals) = postSolution
		SolutionGuid = {736C6D3D-A99B-4DA3-B0E5-3B819C308E73}
	EndGlobalSection
EndGlobal
